DEPENDENCIES
  base_test_setup
    path: test/fixtures/cookbooks/base_test_setup
  mysql-mha
  mysql_replication
    path: test/fixtures/cookbooks/mysql_replication

GRAPH
  apt (2.9.2)
  base_test_setup (0.1.0)
    build-essential (~> 2.2.4)
    hostsfile (>= 0.0.0)
    python (>= 0.0.0)
  build-essential (2.2.4)
  chef-sugar (3.3.0)
  database (4.0.9)
    postgresql (>= 1.0.0)
  hostsfile (2.4.5)
  mariadb (0.3.1)
    apt (>= 0.0.0)
    yum (>= 0.0.0)
    yum-epel (>= 0.0.0)
  mysql (6.1.2)
    smf (>= 0.0.0)
    yum-mysql-community (>= 0.0.0)
  mysql-mha (0.1.0)
    packagecloud (>= 0.0.0)
    ssh (>= 0.0.0)
    sudo (>= 2.7.1)
    user (>= 0.0.0)
    yum-epel (<= 0.6.0)
    zap (>= 0.6.0)
  mysql2_chef_gem (1.0.2)
    build-essential (>= 0.0.0)
    mariadb (>= 0.0.0)
    mysql (~> 6.0)
  mysql_replication (0.1.0)
    database (>= 0.0.0)
    mysql (~> 6.1.2)
    mysql2_chef_gem (>= 0.0.0)
  openssl (4.4.0)
    chef-sugar (>= 3.1.1)
  packagecloud (0.1.1)
  postgresql (4.0.0)
    apt (>= 1.9.0)
    build-essential (>= 0.0.0)
    openssl (~> 4.0)
  python (1.4.6)
    build-essential (>= 0.0.0)
    yum-epel (>= 0.0.0)
  rbac (1.0.3)
  smf (2.2.7)
    rbac (>= 1.0.1)
  ssh (0.10.10)
  sudo (2.7.2)
  user (0.4.2)
  yum (3.9.0)
  yum-epel (0.6.0)
    yum (~> 3.0)
  yum-mysql-community (0.1.21)
    yum (>= 3.2)
  zap (0.11.2)
